
Microsoft Visual Studio Solution File, Format Version 12.00
# Visual Studio Version 16
VisualStudioVersion = 16.0.31005.135
MinimumVisualStudioVersion = 10.0.40219.1
Project("{FAE04EC0-301F-11D3-BF4B-00C04F79EFBC}") = "otodikhet", "otodikhet\otodikhet.csproj", "{FA510CE3-FFBB-47D3-BB8F-3DB1C2D56FB8}"
EndProject
Global
	GlobalSection(SolutionConfigurationPlatforms) = preSolution
		Debug|Any CPU = Debug|Any CPU
		Release|Any CPU = Release|Any CPU
	EndGlobalSection
	GlobalSection(ProjectConfigurationPlatforms) = postSolution
		{FA510CE3-FFBB-47D3-BB8F-3DB1C2D56FB8}.Debug|Any CPU.ActiveCfg = Debug|Any CPU
		{FA510CE3-FFBB-47D3-BB8F-3DB1C2D56FB8}.Debug|Any CPU.Build.0 = Debug|Any CPU
		{FA510CE3-FFBB-47D3-BB8F-3DB1C2D56FB8}.Release|Any CPU.ActiveCfg = Release|Any CPU
		{FA510CE3-FFBB-47D3-BB8F-3DB1C2D56FB8}.Release|Any CPU.Build.0 = Release|Any CPU
	EndGlobalSection
	GlobalSection(SolutionProperties) = preSolution
		HideSolutionNode = FALSE
	EndGlobalSection
	GlobalSection(ExtensibilityGlobals) = postSolution
		SolutionGuid = {86D52EF0-EE49-4171-ADD0-6C5397173350}
	EndGlobalSection
EndGlobal
