
Microsoft Visual Studio Solution File, Format Version 12.00
# Visual Studio Version 16
VisualStudioVersion = 16.0.31005.135
MinimumVisualStudioVersion = 10.0.40219.1
Project("{FAE04EC0-301F-11D3-BF4B-00C04F79EFBC}") = "week08", "week08\week08.csproj", "{C120A3DD-244D-4A11-89F6-36AF9445A032}"
EndProject
Global
	GlobalSection(SolutionConfigurationPlatforms) = preSolution
		Debug|Any CPU = Debug|Any CPU
		Release|Any CPU = Release|Any CPU
	EndGlobalSection
	GlobalSection(ProjectConfigurationPlatforms) = postSolution
		{C120A3DD-244D-4A11-89F6-36AF9445A032}.Debug|Any CPU.ActiveCfg = Debug|Any CPU
		{C120A3DD-244D-4A11-89F6-36AF9445A032}.Debug|Any CPU.Build.0 = Debug|Any CPU
		{C120A3DD-244D-4A11-89F6-36AF9445A032}.Release|Any CPU.ActiveCfg = Release|Any CPU
		{C120A3DD-244D-4A11-89F6-36AF9445A032}.Release|Any CPU.Build.0 = Release|Any CPU
	EndGlobalSection
	GlobalSection(SolutionProperties) = preSolution
		HideSolutionNode = FALSE
	EndGlobalSection
	GlobalSection(ExtensibilityGlobals) = postSolution
		SolutionGuid = {5CCAE44C-8927-4BA5-825F-B6BE1FDF285A}
	EndGlobalSection
EndGlobal
